// !$*UTF8*$!
{
	archiveVersion = 1;
	classes = {
	};
	objectVersion = 46;
	objects = {

/* Begin PBXBuildFile section */
		402A1C651BA7C9DE0061B7D5 /* AppDelegate.swift in Sources */ = {isa = PBXBuildFile; fileRef = 402A1C641BA7C9DE0061B7D5 /* AppDelegate.swift */; };
		402A1C6A1BA7C9DE0061B7D5 /* Main.storyboard in Resources */ = {isa = PBXBuildFile; fileRef = 402A1C681BA7C9DE0061B7D5 /* Main.storyboard */; };
		402A1C6C1BA7C9DE0061B7D5 /* Assets.xcassets in Resources */ = {isa = PBXBuildFile; fileRef = 402A1C6B1BA7C9DE0061B7D5 /* Assets.xcassets */; };
		402A1C6F1BA7C9DE0061B7D5 /* LaunchScreen.storyboard in Resources */ = {isa = PBXBuildFile; fileRef = 402A1C6D1BA7C9DE0061B7D5 /* LaunchScreen.storyboard */; };
		402A1C7A1BA7C9DE0061B7D5 /* yoyoCampusTests.swift in Sources */ = {isa = PBXBuildFile; fileRef = 402A1C791BA7C9DE0061B7D5 /* yoyoCampusTests.swift */; };
		402A1C851BA7C9DE0061B7D5 /* yoyoCampusUITests.swift in Sources */ = {isa = PBXBuildFile; fileRef = 402A1C841BA7C9DE0061B7D5 /* yoyoCampusUITests.swift */; };
		402A1D1E1BA7CA5D0061B7D5 /* AFHTTPRequestOperation.m in Sources */ = {isa = PBXBuildFile; fileRef = 402A1C961BA7CA5D0061B7D5 /* AFHTTPRequestOperation.m */; };
		402A1D1F1BA7CA5D0061B7D5 /* AFHTTPRequestOperationManager.m in Sources */ = {isa = PBXBuildFile; fileRef = 402A1C981BA7CA5D0061B7D5 /* AFHTTPRequestOperationManager.m */; };
		402A1D201BA7CA5D0061B7D5 /* AFHTTPSessionManager.m in Sources */ = {isa = PBXBuildFile; fileRef = 402A1C9A1BA7CA5D0061B7D5 /* AFHTTPSessionManager.m */; };
		402A1D211BA7CA5D0061B7D5 /* AFNetworkReachabilityManager.m in Sources */ = {isa = PBXBuildFile; fileRef = 402A1C9D1BA7CA5D0061B7D5 /* AFNetworkReachabilityManager.m */; };
		402A1D221BA7CA5D0061B7D5 /* AFSecurityPolicy.m in Sources */ = {isa = PBXBuildFile; fileRef = 402A1C9F1BA7CA5D0061B7D5 /* AFSecurityPolicy.m */; };
		402A1D231BA7CA5D0061B7D5 /* AFURLConnectionOperation.m in Sources */ = {isa = PBXBuildFile; fileRef = 402A1CA11BA7CA5D0061B7D5 /* AFURLConnectionOperation.m */; };
		402A1D241BA7CA5D0061B7D5 /* AFURLRequestSerialization.m in Sources */ = {isa = PBXBuildFile; fileRef = 402A1CA31BA7CA5D0061B7D5 /* AFURLRequestSerialization.m */; };
		402A1D251BA7CA5D0061B7D5 /* AFURLResponseSerialization.m in Sources */ = {isa = PBXBuildFile; fileRef = 402A1CA51BA7CA5D0061B7D5 /* AFURLResponseSerialization.m */; };
		402A1D261BA7CA5E0061B7D5 /* AFURLSessionManager.m in Sources */ = {isa = PBXBuildFile; fileRef = 402A1CA71BA7CA5D0061B7D5 /* AFURLSessionManager.m */; };
		402A1D271BA7CA5E0061B7D5 /* CustomIOSAlertView.m in Sources */ = {isa = PBXBuildFile; fileRef = 402A1CAA1BA7CA5D0061B7D5 /* CustomIOSAlertView.m */; };
		402A1D331BA7CA5E0061B7D5 /* MJRefresh.bundle in Resources */ = {isa = PBXBuildFile; fileRef = 402A1CC41BA7CA5D0061B7D5 /* MJRefresh.bundle */; };
		402A1D341BA7CA5E0061B7D5 /* MJRefreshComponent.m in Sources */ = {isa = PBXBuildFile; fileRef = 402A1CC71BA7CA5D0061B7D5 /* MJRefreshComponent.m */; };
		402A1D351BA7CA5E0061B7D5 /* MJRefreshConst.m in Sources */ = {isa = PBXBuildFile; fileRef = 402A1CC91BA7CA5D0061B7D5 /* MJRefreshConst.m */; };
		402A1D361BA7CA5E0061B7D5 /* MJRefreshFooter.m in Sources */ = {isa = PBXBuildFile; fileRef = 402A1CCB1BA7CA5D0061B7D5 /* MJRefreshFooter.m */; };
		402A1D371BA7CA5E0061B7D5 /* MJRefreshGifFooter.m in Sources */ = {isa = PBXBuildFile; fileRef = 402A1CCD1BA7CA5D0061B7D5 /* MJRefreshGifFooter.m */; };
		402A1D381BA7CA5E0061B7D5 /* MJRefreshGifHeader.m in Sources */ = {isa = PBXBuildFile; fileRef = 402A1CCF1BA7CA5D0061B7D5 /* MJRefreshGifHeader.m */; };
		402A1D391BA7CA5E0061B7D5 /* MJRefreshHeader.m in Sources */ = {isa = PBXBuildFile; fileRef = 402A1CD11BA7CA5D0061B7D5 /* MJRefreshHeader.m */; };
		402A1D3A1BA7CA5E0061B7D5 /* MJRefreshLegendFooter.m in Sources */ = {isa = PBXBuildFile; fileRef = 402A1CD31BA7CA5D0061B7D5 /* MJRefreshLegendFooter.m */; };
		402A1D3B1BA7CA5E0061B7D5 /* MJRefreshLegendHeader.m in Sources */ = {isa = PBXBuildFile; fileRef = 402A1CD51BA7CA5D0061B7D5 /* MJRefreshLegendHeader.m */; };
		402A1D3C1BA7CA5E0061B7D5 /* UIScrollView+MJExtension.m in Sources */ = {isa = PBXBuildFile; fileRef = 402A1CD71BA7CA5D0061B7D5 /* UIScrollView+MJExtension.m */; };
		402A1D3D1BA7CA5E0061B7D5 /* UIScrollView+MJRefresh.m in Sources */ = {isa = PBXBuildFile; fileRef = 402A1CD91BA7CA5D0061B7D5 /* UIScrollView+MJRefresh.m */; };
		402A1D3E1BA7CA5E0061B7D5 /* UIView+MJExtension.m in Sources */ = {isa = PBXBuildFile; fileRef = 402A1CDB1BA7CA5D0061B7D5 /* UIView+MJExtension.m */; };
		402A1D3F1BA7CA5E0061B7D5 /* ProgressHUD.bundle in Resources */ = {isa = PBXBuildFile; fileRef = 402A1CDD1BA7CA5D0061B7D5 /* ProgressHUD.bundle */; };
		402A1D401BA7CA5E0061B7D5 /* ProgressHUD.m in Sources */ = {isa = PBXBuildFile; fileRef = 402A1CDF1BA7CA5D0061B7D5 /* ProgressHUD.m */; };
		402A1D411BA7CA5E0061B7D5 /* CheckNetwork.m in Sources */ = {isa = PBXBuildFile; fileRef = 402A1CE21BA7CA5D0061B7D5 /* CheckNetwork.m */; };
		402A1D421BA7CA5E0061B7D5 /* Reachability.m in Sources */ = {isa = PBXBuildFile; fileRef = 402A1CE41BA7CA5D0061B7D5 /* Reachability.m */; };
		402A1D431BA7CA5E0061B7D5 /* MKAnnotationView+WebCache.m in Sources */ = {isa = PBXBuildFile; fileRef = 402A1CE71BA7CA5D0061B7D5 /* MKAnnotationView+WebCache.m */; };
		402A1D441BA7CA5E0061B7D5 /* NSData+ImageContentType.m in Sources */ = {isa = PBXBuildFile; fileRef = 402A1CE91BA7CA5D0061B7D5 /* NSData+ImageContentType.m */; };
		402A1D451BA7CA5E0061B7D5 /* SDImageCache.m in Sources */ = {isa = PBXBuildFile; fileRef = 402A1CEB1BA7CA5D0061B7D5 /* SDImageCache.m */; };
		402A1D461BA7CA5E0061B7D5 /* SDWebImageCompat.m in Sources */ = {isa = PBXBuildFile; fileRef = 402A1CED1BA7CA5D0061B7D5 /* SDWebImageCompat.m */; };
		402A1D471BA7CA5E0061B7D5 /* SDWebImageDecoder.m in Sources */ = {isa = PBXBuildFile; fileRef = 402A1CEF1BA7CA5D0061B7D5 /* SDWebImageDecoder.m */; };
		402A1D481BA7CA5E0061B7D5 /* SDWebImageDownloader.m in Sources */ = {isa = PBXBuildFile; fileRef = 402A1CF11BA7CA5D0061B7D5 /* SDWebImageDownloader.m */; };
		402A1D491BA7CA5E0061B7D5 /* SDWebImageDownloaderOperation.m in Sources */ = {isa = PBXBuildFile; fileRef = 402A1CF31BA7CA5D0061B7D5 /* SDWebImageDownloaderOperation.m */; };
		402A1D4A1BA7CA5E0061B7D5 /* SDWebImageManager.m in Sources */ = {isa = PBXBuildFile; fileRef = 402A1CF51BA7CA5D0061B7D5 /* SDWebImageManager.m */; };
		402A1D4B1BA7CA5E0061B7D5 /* SDWebImagePrefetcher.m in Sources */ = {isa = PBXBuildFile; fileRef = 402A1CF81BA7CA5D0061B7D5 /* SDWebImagePrefetcher.m */; };
		402A1D4C1BA7CA5E0061B7D5 /* UIButton+WebCache.m in Sources */ = {isa = PBXBuildFile; fileRef = 402A1CFA1BA7CA5D0061B7D5 /* UIButton+WebCache.m */; };
		402A1D4D1BA7CA5E0061B7D5 /* UIImage+GIF.m in Sources */ = {isa = PBXBuildFile; fileRef = 402A1CFC1BA7CA5D0061B7D5 /* UIImage+GIF.m */; };
		402A1D4E1BA7CA5E0061B7D5 /* UIImage+MultiFormat.m in Sources */ = {isa = PBXBuildFile; fileRef = 402A1CFE1BA7CA5D0061B7D5 /* UIImage+MultiFormat.m */; };
		402A1D4F1BA7CA5E0061B7D5 /* UIImage+WebP.m in Sources */ = {isa = PBXBuildFile; fileRef = 402A1D001BA7CA5D0061B7D5 /* UIImage+WebP.m */; };
		402A1D501BA7CA5E0061B7D5 /* UIImageView+HighlightedWebCache.m in Sources */ = {isa = PBXBuildFile; fileRef = 402A1D021BA7CA5D0061B7D5 /* UIImageView+HighlightedWebCache.m */; };
		402A1D511BA7CA5E0061B7D5 /* UIImageView+WebCache.m in Sources */ = {isa = PBXBuildFile; fileRef = 402A1D041BA7CA5D0061B7D5 /* UIImageView+WebCache.m */; };
		402A1D521BA7CA5E0061B7D5 /* UIView+WebCacheOperation.m in Sources */ = {isa = PBXBuildFile; fileRef = 402A1D061BA7CA5D0061B7D5 /* UIView+WebCacheOperation.m */; };
		402A1D531BA7CA5E0061B7D5 /* AFNetworkActivityIndicatorManager.m in Sources */ = {isa = PBXBuildFile; fileRef = 402A1D091BA7CA5D0061B7D5 /* AFNetworkActivityIndicatorManager.m */; };
		402A1D541BA7CA5E0061B7D5 /* UIActivityIndicatorView+AFNetworking.m in Sources */ = {isa = PBXBuildFile; fileRef = 402A1D0B1BA7CA5D0061B7D5 /* UIActivityIndicatorView+AFNetworking.m */; };
		402A1D551BA7CA5E0061B7D5 /* UIAlertView+AFNetworking.m in Sources */ = {isa = PBXBuildFile; fileRef = 402A1D0D1BA7CA5D0061B7D5 /* UIAlertView+AFNetworking.m */; };
		402A1D561BA7CA5E0061B7D5 /* UIButton+AFNetworking.m in Sources */ = {isa = PBXBuildFile; fileRef = 402A1D0F1BA7CA5D0061B7D5 /* UIButton+AFNetworking.m */; };
		402A1D571BA7CA5E0061B7D5 /* UIImageView+AFNetworking.m in Sources */ = {isa = PBXBuildFile; fileRef = 402A1D111BA7CA5D0061B7D5 /* UIImageView+AFNetworking.m */; };
		402A1D581BA7CA5E0061B7D5 /* UIProgressView+AFNetworking.m in Sources */ = {isa = PBXBuildFile; fileRef = 402A1D141BA7CA5D0061B7D5 /* UIProgressView+AFNetworking.m */; };
		402A1D591BA7CA5E0061B7D5 /* UIRefreshControl+AFNetworking.m in Sources */ = {isa = PBXBuildFile; fileRef = 402A1D161BA7CA5D0061B7D5 /* UIRefreshControl+AFNetworking.m */; };
		402A1D5A1BA7CA5E0061B7D5 /* UIWebView+AFNetworking.m in Sources */ = {isa = PBXBuildFile; fileRef = 402A1D181BA7CA5D0061B7D5 /* UIWebView+AFNetworking.m */; };
		402A1D5B1BA7CA5E0061B7D5 /* Config.swift in Sources */ = {isa = PBXBuildFile; fileRef = 402A1D1A1BA7CA5D0061B7D5 /* Config.swift */; };
		402A1D5C1BA7CA5E0061B7D5 /* Consts.swift in Sources */ = {isa = PBXBuildFile; fileRef = 402A1D1B1BA7CA5D0061B7D5 /* Consts.swift */; };
		402A1D5D1BA7CA5E0061B7D5 /* HttpController.swift in Sources */ = {isa = PBXBuildFile; fileRef = 402A1D1C1BA7CA5D0061B7D5 /* HttpController.swift */; };
		402A1D5E1BA7CA5E0061B7D5 /* Tool.swift in Sources */ = {isa = PBXBuildFile; fileRef = 402A1D1D1BA7CA5D0061B7D5 /* Tool.swift */; };
		403DFA3F1BA837430033CAB7 /* MyUploadGoodsViewController.swift in Sources */ = {isa = PBXBuildFile; fileRef = 403DFA3E1BA837430033CAB7 /* MyUploadGoodsViewController.swift */; };
		40508BBE1BAD87E300263EBF /* 未标题3_19.png in Resources */ = {isa = PBXBuildFile; fileRef = 40508BBD1BAD87E300263EBF /* 未标题3_19.png */; };
		4051B7391BA80370000D2FF3 /* UserFeedbackViewController.swift in Sources */ = {isa = PBXBuildFile; fileRef = 4051B7381BA80370000D2FF3 /* UserFeedbackViewController.swift */; };
		4080F37F1BAD56ED0013B87A /* CustomNavigationController.swift in Sources */ = {isa = PBXBuildFile; fileRef = 4080F37E1BAD56ED0013B87A /* CustomNavigationController.swift */; };
		4081D70D1BA7DEC100F0E8B5 /* SettingViewController.swift in Sources */ = {isa = PBXBuildFile; fileRef = 4081D70C1BA7DEC100F0E8B5 /* SettingViewController.swift */; };
		4081D70F1BA7DF5100F0E8B5 /* Cells.swift in Sources */ = {isa = PBXBuildFile; fileRef = 4081D70E1BA7DF5100F0E8B5 /* Cells.swift */; };
		408918DC1BAD03FA00FDABE0 /* PersonalCenterViewController.swift in Sources */ = {isa = PBXBuildFile; fileRef = 408918DB1BAD03FA00FDABE0 /* PersonalCenterViewController.swift */; };
		40A031861BAAE09200D15D70 /* AFPickerView.m in Sources */ = {isa = PBXBuildFile; fileRef = 40A031851BAAE09200D15D70 /* AFPickerView.m */; };
		40F0C59E1BAC3DD8003BA692 /* ShopUploadGoodsViewController.swift in Sources */ = {isa = PBXBuildFile; fileRef = 40F0C59D1BAC3DD8003BA692 /* ShopUploadGoodsViewController.swift */; };
		40F4D0571BA9E0B600714504 /* TestViewController.swift in Sources */ = {isa = PBXBuildFile; fileRef = 40F4D0561BA9E0B600714504 /* TestViewController.swift */; };
		40FD74BC1BAD503100008EE8 /* PersonalInfomationViewController.swift in Sources */ = {isa = PBXBuildFile; fileRef = 40FD74BB1BAD503100008EE8 /* PersonalInfomationViewController.swift */; };
		C91704C483687EB85E5D3A5B /* libPods.a in Frameworks */ = {isa = PBXBuildFile; fileRef = 52CAF20F2AD3B0A1FDD0C800 /* libPods.a */; };
/* End PBXBuildFile section */

/* Begin PBXContainerItemProxy section */
		402A1C761BA7C9DE0061B7D5 /* PBXContainerItemProxy */ = {
			isa = PBXContainerItemProxy;
			containerPortal = 402A1C591BA7C9DE0061B7D5 /* Project object */;
			proxyType = 1;
			remoteGlobalIDString = 402A1C601BA7C9DE0061B7D5;
			remoteInfo = yoyoCampus;
		};
		402A1C811BA7C9DE0061B7D5 /* PBXContainerItemProxy */ = {
			isa = PBXContainerItemProxy;
			containerPortal = 402A1C591BA7C9DE0061B7D5 /* Project object */;
			proxyType = 1;
			remoteGlobalIDString = 402A1C601BA7C9DE0061B7D5;
			remoteInfo = yoyoCampus;
		};
/* End PBXContainerItemProxy section */

/* Begin PBXFileReference section */
		00A5F21AEB4714F15B555EED /* Pods.release.xcconfig */ = {isa = PBXFileReference; includeInIndex = 1; lastKnownFileType = text.xcconfig; name = Pods.release.xcconfig; path = "Pods/Target Support Files/Pods/Pods.release.xcconfig"; sourceTree = "<group>"; };
		169520B5E5CA3491FF011E87 /* Pods.debug.xcconfig */ = {isa = PBXFileReference; includeInIndex = 1; lastKnownFileType = text.xcconfig; name = Pods.debug.xcconfig; path = "Pods/Target Support Files/Pods/Pods.debug.xcconfig"; sourceTree = "<group>"; };
		3599F7341BB00B3300534752 /* Header.h */ = {isa = PBXFileReference; lastKnownFileType = sourcecode.c.h; path = Header.h; sourceTree = "<group>"; };
		402A1C611BA7C9DE0061B7D5 /* yoyoCampus.app */ = {isa = PBXFileReference; explicitFileType = wrapper.application; includeInIndex = 0; path = yoyoCampus.app; sourceTree = BUILT_PRODUCTS_DIR; };
		402A1C641BA7C9DE0061B7D5 /* AppDelegate.swift */ = {isa = PBXFileReference; lastKnownFileType = sourcecode.swift; path = AppDelegate.swift; sourceTree = "<group>"; };
		402A1C691BA7C9DE0061B7D5 /* Base */ = {isa = PBXFileReference; lastKnownFileType = file.storyboard; name = Base; path = Base.lproj/Main.storyboard; sourceTree = "<group>"; };
		402A1C6B1BA7C9DE0061B7D5 /* Assets.xcassets */ = {isa = PBXFileReference; lastKnownFileType = folder.assetcatalog; path = Assets.xcassets; sourceTree = "<group>"; };
		402A1C6E1BA7C9DE0061B7D5 /* Base */ = {isa = PBXFileReference; lastKnownFileType = file.storyboard; name = Base; path = Base.lproj/LaunchScreen.storyboard; sourceTree = "<group>"; };
		402A1C701BA7C9DE0061B7D5 /* Info.plist */ = {isa = PBXFileReference; lastKnownFileType = text.plist.xml; path = Info.plist; sourceTree = "<group>"; };
		402A1C751BA7C9DE0061B7D5 /* yoyoCampusTests.xctest */ = {isa = PBXFileReference; explicitFileType = wrapper.cfbundle; includeInIndex = 0; path = yoyoCampusTests.xctest; sourceTree = BUILT_PRODUCTS_DIR; };
		402A1C791BA7C9DE0061B7D5 /* yoyoCampusTests.swift */ = {isa = PBXFileReference; lastKnownFileType = sourcecode.swift; path = yoyoCampusTests.swift; sourceTree = "<group>"; };
		402A1C7B1BA7C9DE0061B7D5 /* Info.plist */ = {isa = PBXFileReference; lastKnownFileType = text.plist.xml; path = Info.plist; sourceTree = "<group>"; };
		402A1C801BA7C9DE0061B7D5 /* yoyoCampusUITests.xctest */ = {isa = PBXFileReference; explicitFileType = wrapper.cfbundle; includeInIndex = 0; path = yoyoCampusUITests.xctest; sourceTree = BUILT_PRODUCTS_DIR; };
		402A1C841BA7C9DE0061B7D5 /* yoyoCampusUITests.swift */ = {isa = PBXFileReference; lastKnownFileType = sourcecode.swift; path = yoyoCampusUITests.swift; sourceTree = "<group>"; };
		402A1C861BA7C9DE0061B7D5 /* Info.plist */ = {isa = PBXFileReference; lastKnownFileType = text.plist.xml; path = Info.plist; sourceTree = "<group>"; };
		402A1C951BA7CA5D0061B7D5 /* AFHTTPRequestOperation.h */ = {isa = PBXFileReference; fileEncoding = 4; lastKnownFileType = sourcecode.c.h; path = AFHTTPRequestOperation.h; sourceTree = "<group>"; };
		402A1C961BA7CA5D0061B7D5 /* AFHTTPRequestOperation.m */ = {isa = PBXFileReference; fileEncoding = 4; lastKnownFileType = sourcecode.c.objc; path = AFHTTPRequestOperation.m; sourceTree = "<group>"; };
		402A1C971BA7CA5D0061B7D5 /* AFHTTPRequestOperationManager.h */ = {isa = PBXFileReference; fileEncoding = 4; lastKnownFileType = sourcecode.c.h; path = AFHTTPRequestOperationManager.h; sourceTree = "<group>"; };
		402A1C981BA7CA5D0061B7D5 /* AFHTTPRequestOperationManager.m */ = {isa = PBXFileReference; fileEncoding = 4; lastKnownFileType = sourcecode.c.objc; path = AFHTTPRequestOperationManager.m; sourceTree = "<group>"; };
		402A1C991BA7CA5D0061B7D5 /* AFHTTPSessionManager.h */ = {isa = PBXFileReference; fileEncoding = 4; lastKnownFileType = sourcecode.c.h; path = AFHTTPSessionManager.h; sourceTree = "<group>"; };
		402A1C9A1BA7CA5D0061B7D5 /* AFHTTPSessionManager.m */ = {isa = PBXFileReference; fileEncoding = 4; lastKnownFileType = sourcecode.c.objc; path = AFHTTPSessionManager.m; sourceTree = "<group>"; };
		402A1C9B1BA7CA5D0061B7D5 /* AFNetworking.h */ = {isa = PBXFileReference; fileEncoding = 4; lastKnownFileType = sourcecode.c.h; path = AFNetworking.h; sourceTree = "<group>"; };
		402A1C9C1BA7CA5D0061B7D5 /* AFNetworkReachabilityManager.h */ = {isa = PBXFileReference; fileEncoding = 4; lastKnownFileType = sourcecode.c.h; path = AFNetworkReachabilityManager.h; sourceTree = "<group>"; };
		402A1C9D1BA7CA5D0061B7D5 /* AFNetworkReachabilityManager.m */ = {isa = PBXFileReference; fileEncoding = 4; lastKnownFileType = sourcecode.c.objc; path = AFNetworkReachabilityManager.m; sourceTree = "<group>"; };
		402A1C9E1BA7CA5D0061B7D5 /* AFSecurityPolicy.h */ = {isa = PBXFileReference; fileEncoding = 4; lastKnownFileType = sourcecode.c.h; path = AFSecurityPolicy.h; sourceTree = "<group>"; };
		402A1C9F1BA7CA5D0061B7D5 /* AFSecurityPolicy.m */ = {isa = PBXFileReference; fileEncoding = 4; lastKnownFileType = sourcecode.c.objc; path = AFSecurityPolicy.m; sourceTree = "<group>"; };
		402A1CA01BA7CA5D0061B7D5 /* AFURLConnectionOperation.h */ = {isa = PBXFileReference; fileEncoding = 4; lastKnownFileType = sourcecode.c.h; path = AFURLConnectionOperation.h; sourceTree = "<group>"; };
		402A1CA11BA7CA5D0061B7D5 /* AFURLConnectionOperation.m */ = {isa = PBXFileReference; fileEncoding = 4; lastKnownFileType = sourcecode.c.objc; path = AFURLConnectionOperation.m; sourceTree = "<group>"; };
		402A1CA21BA7CA5D0061B7D5 /* AFURLRequestSerialization.h */ = {isa = PBXFileReference; fileEncoding = 4; lastKnownFileType = sourcecode.c.h; path = AFURLRequestSerialization.h; sourceTree = "<group>"; };
		402A1CA31BA7CA5D0061B7D5 /* AFURLRequestSerialization.m */ = {isa = PBXFileReference; fileEncoding = 4; lastKnownFileType = sourcecode.c.objc; path = AFURLRequestSerialization.m; sourceTree = "<group>"; };
		402A1CA41BA7CA5D0061B7D5 /* AFURLResponseSerialization.h */ = {isa = PBXFileReference; fileEncoding = 4; lastKnownFileType = sourcecode.c.h; path = AFURLResponseSerialization.h; sourceTree = "<group>"; };
		402A1CA51BA7CA5D0061B7D5 /* AFURLResponseSerialization.m */ = {isa = PBXFileReference; fileEncoding = 4; lastKnownFileType = sourcecode.c.objc; path = AFURLResponseSerialization.m; sourceTree = "<group>"; };
		402A1CA61BA7CA5D0061B7D5 /* AFURLSessionManager.h */ = {isa = PBXFileReference; fileEncoding = 4; lastKnownFileType = sourcecode.c.h; path = AFURLSessionManager.h; sourceTree = "<group>"; };
		402A1CA71BA7CA5D0061B7D5 /* AFURLSessionManager.m */ = {isa = PBXFileReference; fileEncoding = 4; lastKnownFileType = sourcecode.c.objc; path = AFURLSessionManager.m; sourceTree = "<group>"; };
		402A1CA91BA7CA5D0061B7D5 /* CustomIOSAlertView.h */ = {isa = PBXFileReference; fileEncoding = 4; lastKnownFileType = sourcecode.c.h; path = CustomIOSAlertView.h; sourceTree = "<group>"; };
		402A1CAA1BA7CA5D0061B7D5 /* CustomIOSAlertView.m */ = {isa = PBXFileReference; fileEncoding = 4; lastKnownFileType = sourcecode.c.objc; path = CustomIOSAlertView.m; sourceTree = "<group>"; };
		402A1CC41BA7CA5D0061B7D5 /* MJRefresh.bundle */ = {isa = PBXFileReference; lastKnownFileType = "wrapper.plug-in"; path = MJRefresh.bundle; sourceTree = "<group>"; };
		402A1CC51BA7CA5D0061B7D5 /* MJRefresh.h */ = {isa = PBXFileReference; fileEncoding = 4; lastKnownFileType = sourcecode.c.h; path = MJRefresh.h; sourceTree = "<group>"; };
		402A1CC61BA7CA5D0061B7D5 /* MJRefreshComponent.h */ = {isa = PBXFileReference; fileEncoding = 4; lastKnownFileType = sourcecode.c.h; path = MJRefreshComponent.h; sourceTree = "<group>"; };
		402A1CC71BA7CA5D0061B7D5 /* MJRefreshComponent.m */ = {isa = PBXFileReference; fileEncoding = 4; lastKnownFileType = sourcecode.c.objc; path = MJRefreshComponent.m; sourceTree = "<group>"; };
		402A1CC81BA7CA5D0061B7D5 /* MJRefreshConst.h */ = {isa = PBXFileReference; fileEncoding = 4; lastKnownFileType = sourcecode.c.h; path = MJRefreshConst.h; sourceTree = "<group>"; };
		402A1CC91BA7CA5D0061B7D5 /* MJRefreshConst.m */ = {isa = PBXFileReference; fileEncoding = 4; lastKnownFileType = sourcecode.c.objc; path = MJRefreshConst.m; sourceTree = "<group>"; };
		402A1CCA1BA7CA5D0061B7D5 /* MJRefreshFooter.h */ = {isa = PBXFileReference; fileEncoding = 4; lastKnownFileType = sourcecode.c.h; path = MJRefreshFooter.h; sourceTree = "<group>"; };
		402A1CCB1BA7CA5D0061B7D5 /* MJRefreshFooter.m */ = {isa = PBXFileReference; fileEncoding = 4; lastKnownFileType = sourcecode.c.objc; path = MJRefreshFooter.m; sourceTree = "<group>"; };
		402A1CCC1BA7CA5D0061B7D5 /* MJRefreshGifFooter.h */ = {isa = PBXFileReference; fileEncoding = 4; lastKnownFileType = sourcecode.c.h; path = MJRefreshGifFooter.h; sourceTree = "<group>"; };
		402A1CCD1BA7CA5D0061B7D5 /* MJRefreshGifFooter.m */ = {isa = PBXFileReference; fileEncoding = 4; lastKnownFileType = sourcecode.c.objc; path = MJRefreshGifFooter.m; sourceTree = "<group>"; };
		402A1CCE1BA7CA5D0061B7D5 /* MJRefreshGifHeader.h */ = {isa = PBXFileReference; fileEncoding = 4; lastKnownFileType = sourcecode.c.h; path = MJRefreshGifHeader.h; sourceTree = "<group>"; };
		402A1CCF1BA7CA5D0061B7D5 /* MJRefreshGifHeader.m */ = {isa = PBXFileReference; fileEncoding = 4; lastKnownFileType = sourcecode.c.objc; path = MJRefreshGifHeader.m; sourceTree = "<group>"; };
		402A1CD01BA7CA5D0061B7D5 /* MJRefreshHeader.h */ = {isa = PBXFileReference; fileEncoding = 4; lastKnownFileType = sourcecode.c.h; path = MJRefreshHeader.h; sourceTree = "<group>"; };
		402A1CD11BA7CA5D0061B7D5 /* MJRefreshHeader.m */ = {isa = PBXFileReference; fileEncoding = 4; lastKnownFileType = sourcecode.c.objc; path = MJRefreshHeader.m; sourceTree = "<group>"; };
		402A1CD21BA7CA5D0061B7D5 /* MJRefreshLegendFooter.h */ = {isa = PBXFileReference; fileEncoding = 4; lastKnownFileType = sourcecode.c.h; path = MJRefreshLegendFooter.h; sourceTree = "<group>"; };
		402A1CD31BA7CA5D0061B7D5 /* MJRefreshLegendFooter.m */ = {isa = PBXFileReference; fileEncoding = 4; lastKnownFileType = sourcecode.c.objc; path = MJRefreshLegendFooter.m; sourceTree = "<group>"; };
		402A1CD41BA7CA5D0061B7D5 /* MJRefreshLegendHeader.h */ = {isa = PBXFileReference; fileEncoding = 4; lastKnownFileType = sourcecode.c.h; path = MJRefreshLegendHeader.h; sourceTree = "<group>"; };
		402A1CD51BA7CA5D0061B7D5 /* MJRefreshLegendHeader.m */ = {isa = PBXFileReference; fileEncoding = 4; lastKnownFileType = sourcecode.c.objc; path = MJRefreshLegendHeader.m; sourceTree = "<group>"; };
		402A1CD61BA7CA5D0061B7D5 /* UIScrollView+MJExtension.h */ = {isa = PBXFileReference; fileEncoding = 4; lastKnownFileType = sourcecode.c.h; path = "UIScrollView+MJExtension.h"; sourceTree = "<group>"; };
		402A1CD71BA7CA5D0061B7D5 /* UIScrollView+MJExtension.m */ = {isa = PBXFileReference; fileEncoding = 4; lastKnownFileType = sourcecode.c.objc; path = "UIScrollView+MJExtension.m"; sourceTree = "<group>"; };
		402A1CD81BA7CA5D0061B7D5 /* UIScrollView+MJRefresh.h */ = {isa = PBXFileReference; fileEncoding = 4; lastKnownFileType = sourcecode.c.h; path = "UIScrollView+MJRefresh.h"; sourceTree = "<group>"; };
		402A1CD91BA7CA5D0061B7D5 /* UIScrollView+MJRefresh.m */ = {isa = PBXFileReference; fileEncoding = 4; lastKnownFileType = sourcecode.c.objc; path = "UIScrollView+MJRefresh.m"; sourceTree = "<group>"; };
		402A1CDA1BA7CA5D0061B7D5 /* UIView+MJExtension.h */ = {isa = PBXFileReference; fileEncoding = 4; lastKnownFileType = sourcecode.c.h; path = "UIView+MJExtension.h"; sourceTree = "<group>"; };
		402A1CDB1BA7CA5D0061B7D5 /* UIView+MJExtension.m */ = {isa = PBXFileReference; fileEncoding = 4; lastKnownFileType = sourcecode.c.objc; path = "UIView+MJExtension.m"; sourceTree = "<group>"; };
		402A1CDD1BA7CA5D0061B7D5 /* ProgressHUD.bundle */ = {isa = PBXFileReference; lastKnownFileType = "wrapper.plug-in"; path = ProgressHUD.bundle; sourceTree = "<group>"; };
		402A1CDE1BA7CA5D0061B7D5 /* ProgressHUD.h */ = {isa = PBXFileReference; fileEncoding = 4; lastKnownFileType = sourcecode.c.h; path = ProgressHUD.h; sourceTree = "<group>"; };
		402A1CDF1BA7CA5D0061B7D5 /* ProgressHUD.m */ = {isa = PBXFileReference; fileEncoding = 4; lastKnownFileType = sourcecode.c.objc; path = ProgressHUD.m; sourceTree = "<group>"; };
		402A1CE11BA7CA5D0061B7D5 /* CheckNetwork.h */ = {isa = PBXFileReference; fileEncoding = 4; lastKnownFileType = sourcecode.c.h; path = CheckNetwork.h; sourceTree = "<group>"; };
		402A1CE21BA7CA5D0061B7D5 /* CheckNetwork.m */ = {isa = PBXFileReference; fileEncoding = 4; lastKnownFileType = sourcecode.c.objc; path = CheckNetwork.m; sourceTree = "<group>"; };
		402A1CE31BA7CA5D0061B7D5 /* Reachability.h */ = {isa = PBXFileReference; fileEncoding = 4; lastKnownFileType = sourcecode.c.h; path = Reachability.h; sourceTree = "<group>"; };
		402A1CE41BA7CA5D0061B7D5 /* Reachability.m */ = {isa = PBXFileReference; fileEncoding = 4; lastKnownFileType = sourcecode.c.objc; path = Reachability.m; sourceTree = "<group>"; };
		402A1CE61BA7CA5D0061B7D5 /* MKAnnotationView+WebCache.h */ = {isa = PBXFileReference; fileEncoding = 4; lastKnownFileType = sourcecode.c.h; path = "MKAnnotationView+WebCache.h"; sourceTree = "<group>"; };
		402A1CE71BA7CA5D0061B7D5 /* MKAnnotationView+WebCache.m */ = {isa = PBXFileReference; fileEncoding = 4; lastKnownFileType = sourcecode.c.objc; path = "MKAnnotationView+WebCache.m"; sourceTree = "<group>"; };
		402A1CE81BA7CA5D0061B7D5 /* NSData+ImageContentType.h */ = {isa = PBXFileReference; fileEncoding = 4; lastKnownFileType = sourcecode.c.h; path = "NSData+ImageContentType.h"; sourceTree = "<group>"; };
		402A1CE91BA7CA5D0061B7D5 /* NSData+ImageContentType.m */ = {isa = PBXFileReference; fileEncoding = 4; lastKnownFileType = sourcecode.c.objc; path = "NSData+ImageContentType.m"; sourceTree = "<group>"; };
		402A1CEA1BA7CA5D0061B7D5 /* SDImageCache.h */ = {isa = PBXFileReference; fileEncoding = 4; lastKnownFileType = sourcecode.c.h; path = SDImageCache.h; sourceTree = "<group>"; };
		402A1CEB1BA7CA5D0061B7D5 /* SDImageCache.m */ = {isa = PBXFileReference; fileEncoding = 4; lastKnownFileType = sourcecode.c.objc; path = SDImageCache.m; sourceTree = "<group>"; };
		402A1CEC1BA7CA5D0061B7D5 /* SDWebImageCompat.h */ = {isa = PBXFileReference; fileEncoding = 4; lastKnownFileType = sourcecode.c.h; path = SDWebImageCompat.h; sourceTree = "<group>"; };
		402A1CED1BA7CA5D0061B7D5 /* SDWebImageCompat.m */ = {isa = PBXFileReference; fileEncoding = 4; lastKnownFileType = sourcecode.c.objc; path = SDWebImageCompat.m; sourceTree = "<group>"; };
		402A1CEE1BA7CA5D0061B7D5 /* SDWebImageDecoder.h */ = {isa = PBXFileReference; fileEncoding = 4; lastKnownFileType = sourcecode.c.h; path = SDWebImageDecoder.h; sourceTree = "<group>"; };
		402A1CEF1BA7CA5D0061B7D5 /* SDWebImageDecoder.m */ = {isa = PBXFileReference; fileEncoding = 4; lastKnownFileType = sourcecode.c.objc; path = SDWebImageDecoder.m; sourceTree = "<group>"; };
		402A1CF01BA7CA5D0061B7D5 /* SDWebImageDownloader.h */ = {isa = PBXFileReference; fileEncoding = 4; lastKnownFileType = sourcecode.c.h; path = SDWebImageDownloader.h; sourceTree = "<group>"; };
		402A1CF11BA7CA5D0061B7D5 /* SDWebImageDownloader.m */ = {isa = PBXFileReference; fileEncoding = 4; lastKnownFileType = sourcecode.c.objc; path = SDWebImageDownloader.m; sourceTree = "<group>"; };
		402A1CF21BA7CA5D0061B7D5 /* SDWebImageDownloaderOperation.h */ = {isa = PBXFileReference; fileEncoding = 4; lastKnownFileType = sourcecode.c.h; path = SDWebImageDownloaderOperation.h; sourceTree = "<group>"; };
		402A1CF31BA7CA5D0061B7D5 /* SDWebImageDownloaderOperation.m */ = {isa = PBXFileReference; fileEncoding = 4; lastKnownFileType = sourcecode.c.objc; path = SDWebImageDownloaderOperation.m; sourceTree = "<group>"; };
		402A1CF41BA7CA5D0061B7D5 /* SDWebImageManager.h */ = {isa = PBXFileReference; fileEncoding = 4; lastKnownFileType = sourcecode.c.h; path = SDWebImageManager.h; sourceTree = "<group>"; };
		402A1CF51BA7CA5D0061B7D5 /* SDWebImageManager.m */ = {isa = PBXFileReference; fileEncoding = 4; lastKnownFileType = sourcecode.c.objc; path = SDWebImageManager.m; sourceTree = "<group>"; };
		402A1CF61BA7CA5D0061B7D5 /* SDWebImageOperation.h */ = {isa = PBXFileReference; fileEncoding = 4; lastKnownFileType = sourcecode.c.h; path = SDWebImageOperation.h; sourceTree = "<group>"; };
		402A1CF71BA7CA5D0061B7D5 /* SDWebImagePrefetcher.h */ = {isa = PBXFileReference; fileEncoding = 4; lastKnownFileType = sourcecode.c.h; path = SDWebImagePrefetcher.h; sourceTree = "<group>"; };
		402A1CF81BA7CA5D0061B7D5 /* SDWebImagePrefetcher.m */ = {isa = PBXFileReference; fileEncoding = 4; lastKnownFileType = sourcecode.c.objc; path = SDWebImagePrefetcher.m; sourceTree = "<group>"; };
		402A1CF91BA7CA5D0061B7D5 /* UIButton+WebCache.h */ = {isa = PBXFileReference; fileEncoding = 4; lastKnownFileType = sourcecode.c.h; path = "UIButton+WebCache.h"; sourceTree = "<group>"; };
		402A1CFA1BA7CA5D0061B7D5 /* UIButton+WebCache.m */ = {isa = PBXFileReference; fileEncoding = 4; lastKnownFileType = sourcecode.c.objc; path = "UIButton+WebCache.m"; sourceTree = "<group>"; };
		402A1CFB1BA7CA5D0061B7D5 /* UIImage+GIF.h */ = {isa = PBXFileReference; fileEncoding = 4; lastKnownFileType = sourcecode.c.h; path = "UIImage+GIF.h"; sourceTree = "<group>"; };
		402A1CFC1BA7CA5D0061B7D5 /* UIImage+GIF.m */ = {isa = PBXFileReference; fileEncoding = 4; lastKnownFileType = sourcecode.c.objc; path = "UIImage+GIF.m"; sourceTree = "<group>"; };
		402A1CFD1BA7CA5D0061B7D5 /* UIImage+MultiFormat.h */ = {isa = PBXFileReference; fileEncoding = 4; lastKnownFileType = sourcecode.c.h; path = "UIImage+MultiFormat.h"; sourceTree = "<group>"; };
		402A1CFE1BA7CA5D0061B7D5 /* UIImage+MultiFormat.m */ = {isa = PBXFileReference; fileEncoding = 4; lastKnownFileType = sourcecode.c.objc; path = "UIImage+MultiFormat.m"; sourceTree = "<group>"; };
		402A1CFF1BA7CA5D0061B7D5 /* UIImage+WebP.h */ = {isa = PBXFileReference; fileEncoding = 4; lastKnownFileType = sourcecode.c.h; path = "UIImage+WebP.h"; sourceTree = "<group>"; };
		402A1D001BA7CA5D0061B7D5 /* UIImage+WebP.m */ = {isa = PBXFileReference; fileEncoding = 4; lastKnownFileType = sourcecode.c.objc; path = "UIImage+WebP.m"; sourceTree = "<group>"; };
		402A1D011BA7CA5D0061B7D5 /* UIImageView+HighlightedWebCache.h */ = {isa = PBXFileReference; fileEncoding = 4; lastKnownFileType = sourcecode.c.h; path = "UIImageView+HighlightedWebCache.h"; sourceTree = "<group>"; };
		402A1D021BA7CA5D0061B7D5 /* UIImageView+HighlightedWebCache.m */ = {isa = PBXFileReference; fileEncoding = 4; lastKnownFileType = sourcecode.c.objc; path = "UIImageView+HighlightedWebCache.m"; sourceTree = "<group>"; };
		402A1D031BA7CA5D0061B7D5 /* UIImageView+WebCache.h */ = {isa = PBXFileReference; fileEncoding = 4; lastKnownFileType = sourcecode.c.h; path = "UIImageView+WebCache.h"; sourceTree = "<group>"; };
		402A1D041BA7CA5D0061B7D5 /* UIImageView+WebCache.m */ = {isa = PBXFileReference; fileEncoding = 4; lastKnownFileType = sourcecode.c.objc; path = "UIImageView+WebCache.m"; sourceTree = "<group>"; };
		402A1D051BA7CA5D0061B7D5 /* UIView+WebCacheOperation.h */ = {isa = PBXFileReference; fileEncoding = 4; lastKnownFileType = sourcecode.c.h; path = "UIView+WebCacheOperation.h"; sourceTree = "<group>"; };
		402A1D061BA7CA5D0061B7D5 /* UIView+WebCacheOperation.m */ = {isa = PBXFileReference; fileEncoding = 4; lastKnownFileType = sourcecode.c.objc; path = "UIView+WebCacheOperation.m"; sourceTree = "<group>"; };
		402A1D081BA7CA5D0061B7D5 /* AFNetworkActivityIndicatorManager.h */ = {isa = PBXFileReference; fileEncoding = 4; lastKnownFileType = sourcecode.c.h; path = AFNetworkActivityIndicatorManager.h; sourceTree = "<group>"; };
		402A1D091BA7CA5D0061B7D5 /* AFNetworkActivityIndicatorManager.m */ = {isa = PBXFileReference; fileEncoding = 4; lastKnownFileType = sourcecode.c.objc; path = AFNetworkActivityIndicatorManager.m; sourceTree = "<group>"; };
		402A1D0A1BA7CA5D0061B7D5 /* UIActivityIndicatorView+AFNetworking.h */ = {isa = PBXFileReference; fileEncoding = 4; lastKnownFileType = sourcecode.c.h; path = "UIActivityIndicatorView+AFNetworking.h"; sourceTree = "<group>"; };
		402A1D0B1BA7CA5D0061B7D5 /* UIActivityIndicatorView+AFNetworking.m */ = {isa = PBXFileReference; fileEncoding = 4; lastKnownFileType = sourcecode.c.objc; path = "UIActivityIndicatorView+AFNetworking.m"; sourceTree = "<group>"; };
		402A1D0C1BA7CA5D0061B7D5 /* UIAlertView+AFNetworking.h */ = {isa = PBXFileReference; fileEncoding = 4; lastKnownFileType = sourcecode.c.h; path = "UIAlertView+AFNetworking.h"; sourceTree = "<group>"; };
		402A1D0D1BA7CA5D0061B7D5 /* UIAlertView+AFNetworking.m */ = {isa = PBXFileReference; fileEncoding = 4; lastKnownFileType = sourcecode.c.objc; path = "UIAlertView+AFNetworking.m"; sourceTree = "<group>"; };
		402A1D0E1BA7CA5D0061B7D5 /* UIButton+AFNetworking.h */ = {isa = PBXFileReference; fileEncoding = 4; lastKnownFileType = sourcecode.c.h; path = "UIButton+AFNetworking.h"; sourceTree = "<group>"; };
		402A1D0F1BA7CA5D0061B7D5 /* UIButton+AFNetworking.m */ = {isa = PBXFileReference; fileEncoding = 4; lastKnownFileType = sourcecode.c.objc; path = "UIButton+AFNetworking.m"; sourceTree = "<group>"; };
		402A1D101BA7CA5D0061B7D5 /* UIImageView+AFNetworking.h */ = {isa = PBXFileReference; fileEncoding = 4; lastKnownFileType = sourcecode.c.h; path = "UIImageView+AFNetworking.h"; sourceTree = "<group>"; };
		402A1D111BA7CA5D0061B7D5 /* UIImageView+AFNetworking.m */ = {isa = PBXFileReference; fileEncoding = 4; lastKnownFileType = sourcecode.c.objc; path = "UIImageView+AFNetworking.m"; sourceTree = "<group>"; };
		402A1D121BA7CA5D0061B7D5 /* UIKit+AFNetworking.h */ = {isa = PBXFileReference; fileEncoding = 4; lastKnownFileType = sourcecode.c.h; path = "UIKit+AFNetworking.h"; sourceTree = "<group>"; };
		402A1D131BA7CA5D0061B7D5 /* UIProgressView+AFNetworking.h */ = {isa = PBXFileReference; fileEncoding = 4; lastKnownFileType = sourcecode.c.h; path = "UIProgressView+AFNetworking.h"; sourceTree = "<group>"; };
		402A1D141BA7CA5D0061B7D5 /* UIProgressView+AFNetworking.m */ = {isa = PBXFileReference; fileEncoding = 4; lastKnownFileType = sourcecode.c.objc; path = "UIProgressView+AFNetworking.m"; sourceTree = "<group>"; };
		402A1D151BA7CA5D0061B7D5 /* UIRefreshControl+AFNetworking.h */ = {isa = PBXFileReference; fileEncoding = 4; lastKnownFileType = sourcecode.c.h; path = "UIRefreshControl+AFNetworking.h"; sourceTree = "<group>"; };
		402A1D161BA7CA5D0061B7D5 /* UIRefreshControl+AFNetworking.m */ = {isa = PBXFileReference; fileEncoding = 4; lastKnownFileType = sourcecode.c.objc; path = "UIRefreshControl+AFNetworking.m"; sourceTree = "<group>"; };
		402A1D171BA7CA5D0061B7D5 /* UIWebView+AFNetworking.h */ = {isa = PBXFileReference; fileEncoding = 4; lastKnownFileType = sourcecode.c.h; path = "UIWebView+AFNetworking.h"; sourceTree = "<group>"; };
		402A1D181BA7CA5D0061B7D5 /* UIWebView+AFNetworking.m */ = {isa = PBXFileReference; fileEncoding = 4; lastKnownFileType = sourcecode.c.objc; path = "UIWebView+AFNetworking.m"; sourceTree = "<group>"; };
		402A1D1A1BA7CA5D0061B7D5 /* Config.swift */ = {isa = PBXFileReference; fileEncoding = 4; lastKnownFileType = sourcecode.swift; path = Config.swift; sourceTree = "<group>"; };
		402A1D1B1BA7CA5D0061B7D5 /* Consts.swift */ = {isa = PBXFileReference; fileEncoding = 4; lastKnownFileType = sourcecode.swift; path = Consts.swift; sourceTree = "<group>"; };
		402A1D1C1BA7CA5D0061B7D5 /* HttpController.swift */ = {isa = PBXFileReference; fileEncoding = 4; lastKnownFileType = sourcecode.swift; path = HttpController.swift; sourceTree = "<group>"; };
		402A1D1D1BA7CA5D0061B7D5 /* Tool.swift */ = {isa = PBXFileReference; fileEncoding = 4; lastKnownFileType = sourcecode.swift; path = Tool.swift; sourceTree = "<group>"; };
		403DFA3E1BA837430033CAB7 /* MyUploadGoodsViewController.swift */ = {isa = PBXFileReference; fileEncoding = 4; lastKnownFileType = sourcecode.swift; path = MyUploadGoodsViewController.swift; sourceTree = "<group>"; };
		40508BBD1BAD87E300263EBF /* 未标题3_19.png */ = {isa = PBXFileReference; lastKnownFileType = image.png; path = "未标题3_19.png"; sourceTree = "<group>"; };
		4051B7381BA80370000D2FF3 /* UserFeedbackViewController.swift */ = {isa = PBXFileReference; fileEncoding = 4; lastKnownFileType = sourcecode.swift; path = UserFeedbackViewController.swift; sourceTree = "<group>"; };
		4080F37E1BAD56ED0013B87A /* CustomNavigationController.swift */ = {isa = PBXFileReference; fileEncoding = 4; lastKnownFileType = sourcecode.swift; path = CustomNavigationController.swift; sourceTree = "<group>"; };
		4081D70C1BA7DEC100F0E8B5 /* SettingViewController.swift */ = {isa = PBXFileReference; fileEncoding = 4; lastKnownFileType = sourcecode.swift; path = SettingViewController.swift; sourceTree = "<group>"; };
		4081D70E1BA7DF5100F0E8B5 /* Cells.swift */ = {isa = PBXFileReference; fileEncoding = 4; lastKnownFileType = sourcecode.swift; path = Cells.swift; sourceTree = "<group>"; };
		408918DB1BAD03FA00FDABE0 /* PersonalCenterViewController.swift */ = {isa = PBXFileReference; fileEncoding = 4; lastKnownFileType = sourcecode.swift; path = PersonalCenterViewController.swift; sourceTree = "<group>"; };
		40A031841BAAE09200D15D70 /* AFPickerView.h */ = {isa = PBXFileReference; fileEncoding = 4; lastKnownFileType = sourcecode.c.h; path = AFPickerView.h; sourceTree = "<group>"; };
		40A031851BAAE09200D15D70 /* AFPickerView.m */ = {isa = PBXFileReference; fileEncoding = 4; lastKnownFileType = sourcecode.c.objc; path = AFPickerView.m; sourceTree = "<group>"; };
		40F0C59D1BAC3DD8003BA692 /* ShopUploadGoodsViewController.swift */ = {isa = PBXFileReference; fileEncoding = 4; lastKnownFileType = sourcecode.swift; path = ShopUploadGoodsViewController.swift; sourceTree = "<group>"; };
		40F4D0561BA9E0B600714504 /* TestViewController.swift */ = {isa = PBXFileReference; fileEncoding = 4; lastKnownFileType = sourcecode.swift; path = TestViewController.swift; sourceTree = "<group>"; };
		40FD74BB1BAD503100008EE8 /* PersonalInfomationViewController.swift */ = {isa = PBXFileReference; fileEncoding = 4; lastKnownFileType = sourcecode.swift; path = PersonalInfomationViewController.swift; sourceTree = "<group>"; };
		52CAF20F2AD3B0A1FDD0C800 /* libPods.a */ = {isa = PBXFileReference; explicitFileType = archive.ar; includeInIndex = 0; path = libPods.a; sourceTree = BUILT_PRODUCTS_DIR; };
/* End PBXFileReference section */

/* Begin PBXFrameworksBuildPhase section */
		402A1C5E1BA7C9DE0061B7D5 /* Frameworks */ = {
			isa = PBXFrameworksBuildPhase;
			buildActionMask = 2147483647;
			files = (
				C91704C483687EB85E5D3A5B /* libPods.a in Frameworks */,
			);
			runOnlyForDeploymentPostprocessing = 0;
		};
		402A1C721BA7C9DE0061B7D5 /* Frameworks */ = {
			isa = PBXFrameworksBuildPhase;
			buildActionMask = 2147483647;
			files = (
			);
			runOnlyForDeploymentPostprocessing = 0;
		};
		402A1C7D1BA7C9DE0061B7D5 /* Frameworks */ = {
			isa = PBXFrameworksBuildPhase;
			buildActionMask = 2147483647;
			files = (
			);
			runOnlyForDeploymentPostprocessing = 0;
		};
/* End PBXFrameworksBuildPhase section */

/* Begin PBXGroup section */
		2B2A21E0F1FFB8484701EDA0 /* Frameworks */ = {
			isa = PBXGroup;
			children = (
				52CAF20F2AD3B0A1FDD0C800 /* libPods.a */,
			);
			name = Frameworks;
			sourceTree = "<group>";
		};
		402A1C581BA7C9DE0061B7D5 = {
			isa = PBXGroup;
			children = (
				402A1C631BA7C9DE0061B7D5 /* yoyoCampus */,
				402A1C781BA7C9DE0061B7D5 /* yoyoCampusTests */,
				402A1C831BA7C9DE0061B7D5 /* yoyoCampusUITests */,
				402A1C621BA7C9DE0061B7D5 /* Products */,
				E573E57416BB15C7FEDEFA2E /* Pods */,
				2B2A21E0F1FFB8484701EDA0 /* Frameworks */,
			);
			sourceTree = "<group>";
		};
		402A1C621BA7C9DE0061B7D5 /* Products */ = {
			isa = PBXGroup;
			children = (
				402A1C611BA7C9DE0061B7D5 /* yoyoCampus.app */,
				402A1C751BA7C9DE0061B7D5 /* yoyoCampusTests.xctest */,
				402A1C801BA7C9DE0061B7D5 /* yoyoCampusUITests.xctest */,
			);
			name = Products;
			sourceTree = "<group>";
		};
		402A1C631BA7C9DE0061B7D5 /* yoyoCampus */ = {
			isa = PBXGroup;
			children = (
				402A1C931BA7CA5D0061B7D5 /* Library */,
				402A1D191BA7CA5D0061B7D5 /* MyCustomPackage */,
				4081D70B1BA7DA2200F0E8B5 /* SwiftSources */,
				4081D70A1BA7D9F900F0E8B5 /* support */,
			);
			path = yoyoCampus;
			sourceTree = "<group>";
		};
		402A1C781BA7C9DE0061B7D5 /* yoyoCampusTests */ = {
			isa = PBXGroup;
			children = (
				402A1C791BA7C9DE0061B7D5 /* yoyoCampusTests.swift */,
				402A1C7B1BA7C9DE0061B7D5 /* Info.plist */,
			);
			path = yoyoCampusTests;
			sourceTree = "<group>";
		};
		402A1C831BA7C9DE0061B7D5 /* yoyoCampusUITests */ = {
			isa = PBXGroup;
			children = (
				402A1C841BA7C9DE0061B7D5 /* yoyoCampusUITests.swift */,
				402A1C861BA7C9DE0061B7D5 /* Info.plist */,
			);
			path = yoyoCampusUITests;
			sourceTree = "<group>";
		};
		402A1C931BA7CA5D0061B7D5 /* Library */ = {
			isa = PBXGroup;
			children = (
				40A031831BAAE09200D15D70 /* AFPickerView */,
				402A1C941BA7CA5D0061B7D5 /* AFNetworking */,
				402A1CA81BA7CA5D0061B7D5 /* CustomIOSAlertView */,
				402A1CC31BA7CA5D0061B7D5 /* MJRefresh */,
				402A1CDC1BA7CA5D0061B7D5 /* ProgressHUD */,
				402A1CE01BA7CA5D0061B7D5 /* Reachability */,
				402A1CE51BA7CA5D0061B7D5 /* SDWebImage */,
				402A1D071BA7CA5D0061B7D5 /* UIKit+AFNetworking */,
			);
			path = Library;
			sourceTree = "<group>";
		};
		402A1C941BA7CA5D0061B7D5 /* AFNetworking */ = {
			isa = PBXGroup;
			children = (
				402A1C951BA7CA5D0061B7D5 /* AFHTTPRequestOperation.h */,
				402A1C961BA7CA5D0061B7D5 /* AFHTTPRequestOperation.m */,
				402A1C971BA7CA5D0061B7D5 /* AFHTTPRequestOperationManager.h */,
				402A1C981BA7CA5D0061B7D5 /* AFHTTPRequestOperationManager.m */,
				402A1C991BA7CA5D0061B7D5 /* AFHTTPSessionManager.h */,
				402A1C9A1BA7CA5D0061B7D5 /* AFHTTPSessionManager.m */,
				402A1C9B1BA7CA5D0061B7D5 /* AFNetworking.h */,
				402A1C9C1BA7CA5D0061B7D5 /* AFNetworkReachabilityManager.h */,
				402A1C9D1BA7CA5D0061B7D5 /* AFNetworkReachabilityManager.m */,
				402A1C9E1BA7CA5D0061B7D5 /* AFSecurityPolicy.h */,
				402A1C9F1BA7CA5D0061B7D5 /* AFSecurityPolicy.m */,
				402A1CA01BA7CA5D0061B7D5 /* AFURLConnectionOperation.h */,
				402A1CA11BA7CA5D0061B7D5 /* AFURLConnectionOperation.m */,
				402A1CA21BA7CA5D0061B7D5 /* AFURLRequestSerialization.h */,
				402A1CA31BA7CA5D0061B7D5 /* AFURLRequestSerialization.m */,
				402A1CA41BA7CA5D0061B7D5 /* AFURLResponseSerialization.h */,
				402A1CA51BA7CA5D0061B7D5 /* AFURLResponseSerialization.m */,
				402A1CA61BA7CA5D0061B7D5 /* AFURLSessionManager.h */,
				402A1CA71BA7CA5D0061B7D5 /* AFURLSessionManager.m */,
			);
			path = AFNetworking;
			sourceTree = "<group>";
		};
		402A1CA81BA7CA5D0061B7D5 /* CustomIOSAlertView */ = {
			isa = PBXGroup;
			children = (
				402A1CA91BA7CA5D0061B7D5 /* CustomIOSAlertView.h */,
				402A1CAA1BA7CA5D0061B7D5 /* CustomIOSAlertView.m */,
			);
			path = CustomIOSAlertView;
			sourceTree = "<group>";
		};
		402A1CC31BA7CA5D0061B7D5 /* MJRefresh */ = {
			isa = PBXGroup;
			children = (
				402A1CC41BA7CA5D0061B7D5 /* MJRefresh.bundle */,
				402A1CC51BA7CA5D0061B7D5 /* MJRefresh.h */,
				402A1CC61BA7CA5D0061B7D5 /* MJRefreshComponent.h */,
				402A1CC71BA7CA5D0061B7D5 /* MJRefreshComponent.m */,
				402A1CC81BA7CA5D0061B7D5 /* MJRefreshConst.h */,
				402A1CC91BA7CA5D0061B7D5 /* MJRefreshConst.m */,
				402A1CCA1BA7CA5D0061B7D5 /* MJRefreshFooter.h */,
				402A1CCB1BA7CA5D0061B7D5 /* MJRefreshFooter.m */,
				402A1CCC1BA7CA5D0061B7D5 /* MJRefreshGifFooter.h */,
				402A1CCD1BA7CA5D0061B7D5 /* MJRefreshGifFooter.m */,
				402A1CCE1BA7CA5D0061B7D5 /* MJRefreshGifHeader.h */,
				402A1CCF1BA7CA5D0061B7D5 /* MJRefreshGifHeader.m */,
				402A1CD01BA7CA5D0061B7D5 /* MJRefreshHeader.h */,
				402A1CD11BA7CA5D0061B7D5 /* MJRefreshHeader.m */,
				402A1CD21BA7CA5D0061B7D5 /* MJRefreshLegendFooter.h */,
				402A1CD31BA7CA5D0061B7D5 /* MJRefreshLegendFooter.m */,
				402A1CD41BA7CA5D0061B7D5 /* MJRefreshLegendHeader.h */,
				402A1CD51BA7CA5D0061B7D5 /* MJRefreshLegendHeader.m */,
				402A1CD61BA7CA5D0061B7D5 /* UIScrollView+MJExtension.h */,
				402A1CD71BA7CA5D0061B7D5 /* UIScrollView+MJExtension.m */,
				402A1CD81BA7CA5D0061B7D5 /* UIScrollView+MJRefresh.h */,
				402A1CD91BA7CA5D0061B7D5 /* UIScrollView+MJRefresh.m */,
				402A1CDA1BA7CA5D0061B7D5 /* UIView+MJExtension.h */,
				402A1CDB1BA7CA5D0061B7D5 /* UIView+MJExtension.m */,
			);
			path = MJRefresh;
			sourceTree = "<group>";
		};
		402A1CDC1BA7CA5D0061B7D5 /* ProgressHUD */ = {
			isa = PBXGroup;
			children = (
				402A1CDD1BA7CA5D0061B7D5 /* ProgressHUD.bundle */,
				402A1CDE1BA7CA5D0061B7D5 /* ProgressHUD.h */,
				402A1CDF1BA7CA5D0061B7D5 /* ProgressHUD.m */,
			);
			path = ProgressHUD;
			sourceTree = "<group>";
		};
		402A1CE01BA7CA5D0061B7D5 /* Reachability */ = {
			isa = PBXGroup;
			children = (
				402A1CE11BA7CA5D0061B7D5 /* CheckNetwork.h */,
				402A1CE21BA7CA5D0061B7D5 /* CheckNetwork.m */,
				402A1CE31BA7CA5D0061B7D5 /* Reachability.h */,
				402A1CE41BA7CA5D0061B7D5 /* Reachability.m */,
			);
			path = Reachability;
			sourceTree = "<group>";
		};
		402A1CE51BA7CA5D0061B7D5 /* SDWebImage */ = {
			isa = PBXGroup;
			children = (
				402A1CE61BA7CA5D0061B7D5 /* MKAnnotationView+WebCache.h */,
				402A1CE71BA7CA5D0061B7D5 /* MKAnnotationView+WebCache.m */,
				402A1CE81BA7CA5D0061B7D5 /* NSData+ImageContentType.h */,
				402A1CE91BA7CA5D0061B7D5 /* NSData+ImageContentType.m */,
				402A1CEA1BA7CA5D0061B7D5 /* SDImageCache.h */,
				402A1CEB1BA7CA5D0061B7D5 /* SDImageCache.m */,
				402A1CEC1BA7CA5D0061B7D5 /* SDWebImageCompat.h */,
				402A1CED1BA7CA5D0061B7D5 /* SDWebImageCompat.m */,
				402A1CEE1BA7CA5D0061B7D5 /* SDWebImageDecoder.h */,
				402A1CEF1BA7CA5D0061B7D5 /* SDWebImageDecoder.m */,
				402A1CF01BA7CA5D0061B7D5 /* SDWebImageDownloader.h */,
				402A1CF11BA7CA5D0061B7D5 /* SDWebImageDownloader.m */,
				402A1CF21BA7CA5D0061B7D5 /* SDWebImageDownloaderOperation.h */,
				402A1CF31BA7CA5D0061B7D5 /* SDWebImageDownloaderOperation.m */,
				402A1CF41BA7CA5D0061B7D5 /* SDWebImageManager.h */,
				402A1CF51BA7CA5D0061B7D5 /* SDWebImageManager.m */,
				402A1CF61BA7CA5D0061B7D5 /* SDWebImageOperation.h */,
				402A1CF71BA7CA5D0061B7D5 /* SDWebImagePrefetcher.h */,
				402A1CF81BA7CA5D0061B7D5 /* SDWebImagePrefetcher.m */,
				402A1CF91BA7CA5D0061B7D5 /* UIButton+WebCache.h */,
				402A1CFA1BA7CA5D0061B7D5 /* UIButton+WebCache.m */,
				402A1CFB1BA7CA5D0061B7D5 /* UIImage+GIF.h */,
				402A1CFC1BA7CA5D0061B7D5 /* UIImage+GIF.m */,
				402A1CFD1BA7CA5D0061B7D5 /* UIImage+MultiFormat.h */,
				402A1CFE1BA7CA5D0061B7D5 /* UIImage+MultiFormat.m */,
				402A1CFF1BA7CA5D0061B7D5 /* UIImage+WebP.h */,
				402A1D001BA7CA5D0061B7D5 /* UIImage+WebP.m */,
				402A1D011BA7CA5D0061B7D5 /* UIImageView+HighlightedWebCache.h */,
				402A1D021BA7CA5D0061B7D5 /* UIImageView+HighlightedWebCache.m */,
				402A1D031BA7CA5D0061B7D5 /* UIImageView+WebCache.h */,
				402A1D041BA7CA5D0061B7D5 /* UIImageView+WebCache.m */,
				402A1D051BA7CA5D0061B7D5 /* UIView+WebCacheOperation.h */,
				402A1D061BA7CA5D0061B7D5 /* UIView+WebCacheOperation.m */,
			);
			path = SDWebImage;
			sourceTree = "<group>";
		};
		402A1D071BA7CA5D0061B7D5 /* UIKit+AFNetworking */ = {
			isa = PBXGroup;
			children = (
				402A1D081BA7CA5D0061B7D5 /* AFNetworkActivityIndicatorManager.h */,
				402A1D091BA7CA5D0061B7D5 /* AFNetworkActivityIndicatorManager.m */,
				402A1D0A1BA7CA5D0061B7D5 /* UIActivityIndicatorView+AFNetworking.h */,
				402A1D0B1BA7CA5D0061B7D5 /* UIActivityIndicatorView+AFNetworking.m */,
				402A1D0C1BA7CA5D0061B7D5 /* UIAlertView+AFNetworking.h */,
				402A1D0D1BA7CA5D0061B7D5 /* UIAlertView+AFNetworking.m */,
				402A1D0E1BA7CA5D0061B7D5 /* UIButton+AFNetworking.h */,
				402A1D0F1BA7CA5D0061B7D5 /* UIButton+AFNetworking.m */,
				402A1D101BA7CA5D0061B7D5 /* UIImageView+AFNetworking.h */,
				402A1D111BA7CA5D0061B7D5 /* UIImageView+AFNetworking.m */,
				402A1D121BA7CA5D0061B7D5 /* UIKit+AFNetworking.h */,
				402A1D131BA7CA5D0061B7D5 /* UIProgressView+AFNetworking.h */,
				402A1D141BA7CA5D0061B7D5 /* UIProgressView+AFNetworking.m */,
				402A1D151BA7CA5D0061B7D5 /* UIRefreshControl+AFNetworking.h */,
				402A1D161BA7CA5D0061B7D5 /* UIRefreshControl+AFNetworking.m */,
				402A1D171BA7CA5D0061B7D5 /* UIWebView+AFNetworking.h */,
				402A1D181BA7CA5D0061B7D5 /* UIWebView+AFNetworking.m */,
			);
			path = "UIKit+AFNetworking";
			sourceTree = "<group>";
		};
		402A1D191BA7CA5D0061B7D5 /* MyCustomPackage */ = {
			isa = PBXGroup;
			children = (
				402A1D1A1BA7CA5D0061B7D5 /* Config.swift */,
				402A1D1B1BA7CA5D0061B7D5 /* Consts.swift */,
				402A1D1C1BA7CA5D0061B7D5 /* HttpController.swift */,
				402A1D1D1BA7CA5D0061B7D5 /* Tool.swift */,
			);
			path = MyCustomPackage;
			sourceTree = "<group>";
		};
		4081D70A1BA7D9F900F0E8B5 /* support */ = {
			isa = PBXGroup;
			children = (
				40508BBD1BAD87E300263EBF /* 未标题3_19.png */,
				402A1C681BA7C9DE0061B7D5 /* Main.storyboard */,
				402A1C6D1BA7C9DE0061B7D5 /* LaunchScreen.storyboard */,
				402A1C701BA7C9DE0061B7D5 /* Info.plist */,
				402A1C6B1BA7C9DE0061B7D5 /* Assets.xcassets */,
			);
			name = support;
			sourceTree = "<group>";
		};
		4081D70B1BA7DA2200F0E8B5 /* SwiftSources */ = {
			isa = PBXGroup;
			children = (
				402A1C641BA7C9DE0061B7D5 /* AppDelegate.swift */,
				4081D70E1BA7DF5100F0E8B5 /* Cells.swift */,
				4080F37E1BAD56ED0013B87A /* CustomNavigationController.swift */,
				3599F7341BB00B3300534752 /* Header.h */,
				403DFA3E1BA837430033CAB7 /* MyUploadGoodsViewController.swift */,
				408918DB1BAD03FA00FDABE0 /* PersonalCenterViewController.swift */,
				40FD74BB1BAD503100008EE8 /* PersonalInfomationViewController.swift */,
				4081D70C1BA7DEC100F0E8B5 /* SettingViewController.swift */,
				40F0C59D1BAC3DD8003BA692 /* ShopUploadGoodsViewController.swift */,
				40F4D0561BA9E0B600714504 /* TestViewController.swift */,
				4051B7381BA80370000D2FF3 /* UserFeedbackViewController.swift */,
			);
			name = SwiftSources;
			sourceTree = "<group>";
		};
		40A031831BAAE09200D15D70 /* AFPickerView */ = {
			isa = PBXGroup;
			children = (
				40A031841BAAE09200D15D70 /* AFPickerView.h */,
				40A031851BAAE09200D15D70 /* AFPickerView.m */,
			);
			path = AFPickerView;
			sourceTree = "<group>";
		};
		E573E57416BB15C7FEDEFA2E /* Pods */ = {
			isa = PBXGroup;
			children = (
				169520B5E5CA3491FF011E87 /* Pods.debug.xcconfig */,
				00A5F21AEB4714F15B555EED /* Pods.release.xcconfig */,
			);
			name = Pods;
			sourceTree = "<group>";
		};
/* End PBXGroup section */

/* Begin PBXNativeTarget section */
		402A1C601BA7C9DE0061B7D5 /* yoyoCampus */ = {
			isa = PBXNativeTarget;
			buildConfigurationList = 402A1C891BA7C9DE0061B7D5 /* Build configuration list for PBXNativeTarget "yoyoCampus" */;
			buildPhases = (
				8975BAEA24C5651190E75057 /* Check Pods Manifest.lock */,
				402A1C5D1BA7C9DE0061B7D5 /* Sources */,
				402A1C5E1BA7C9DE0061B7D5 /* Frameworks */,
				402A1C5F1BA7C9DE0061B7D5 /* Resources */,
				5B23F43EAA79F801BB1A545E /* Embed Pods Frameworks */,
				073EDACC5B7D45F4625A0777 /* Copy Pods Resources */,
			);
			buildRules = (
			);
			dependencies = (
			);
			name = yoyoCampus;
			productName = yoyoCampus;
			productReference = 402A1C611BA7C9DE0061B7D5 /* yoyoCampus.app */;
			productType = "com.apple.product-type.application";
		};
		402A1C741BA7C9DE0061B7D5 /* yoyoCampusTests */ = {
			isa = PBXNativeTarget;
			buildConfigurationList = 402A1C8C1BA7C9DE0061B7D5 /* Build configuration list for PBXNativeTarget "yoyoCampusTests" */;
			buildPhases = (
				402A1C711BA7C9DE0061B7D5 /* Sources */,
				402A1C721BA7C9DE0061B7D5 /* Frameworks */,
				402A1C731BA7C9DE0061B7D5 /* Resources */,
			);
			buildRules = (
			);
			dependencies = (
				402A1C771BA7C9DE0061B7D5 /* PBXTargetDependency */,
			);
			name = yoyoCampusTests;
			productName = yoyoCampusTests;
			productReference = 402A1C751BA7C9DE0061B7D5 /* yoyoCampusTests.xctest */;
			productType = "com.apple.product-type.bundle.unit-test";
		};
		402A1C7F1BA7C9DE0061B7D5 /* yoyoCampusUITests */ = {
			isa = PBXNativeTarget;
			buildConfigurationList = 402A1C8F1BA7C9DE0061B7D5 /* Build configuration list for PBXNativeTarget "yoyoCampusUITests" */;
			buildPhases = (
				402A1C7C1BA7C9DE0061B7D5 /* Sources */,
				402A1C7D1BA7C9DE0061B7D5 /* Frameworks */,
				402A1C7E1BA7C9DE0061B7D5 /* Resources */,
			);
			buildRules = (
			);
			dependencies = (
				402A1C821BA7C9DE0061B7D5 /* PBXTargetDependency */,
			);
			name = yoyoCampusUITests;
			productName = yoyoCampusUITests;
			productReference = 402A1C801BA7C9DE0061B7D5 /* yoyoCampusUITests.xctest */;
			productType = "com.apple.product-type.bundle.ui-testing";
		};
/* End PBXNativeTarget section */

/* Begin PBXProject section */
		402A1C591BA7C9DE0061B7D5 /* Project object */ = {
			isa = PBXProject;
			attributes = {
				LastUpgradeCheck = 0700;
				ORGANIZATIONNAME = DuZhiXia;
				TargetAttributes = {
					402A1C601BA7C9DE0061B7D5 = {
						CreatedOnToolsVersion = 7.0;
					};
					402A1C741BA7C9DE0061B7D5 = {
						CreatedOnToolsVersion = 7.0;
						TestTargetID = 402A1C601BA7C9DE0061B7D5;
					};
					402A1C7F1BA7C9DE0061B7D5 = {
						CreatedOnToolsVersion = 7.0;
						TestTargetID = 402A1C601BA7C9DE0061B7D5;
					};
				};
			};
			buildConfigurationList = 402A1C5C1BA7C9DE0061B7D5 /* Build configuration list for PBXProject "yoyoCampus" */;
			compatibilityVersion = "Xcode 3.2";
			developmentRegion = English;
			hasScannedForEncodings = 0;
			knownRegions = (
				en,
				Base,
			);
			mainGroup = 402A1C581BA7C9DE0061B7D5;
			productRefGroup = 402A1C621BA7C9DE0061B7D5 /* Products */;
			projectDirPath = "";
			projectRoot = "";
			targets = (
				402A1C601BA7C9DE0061B7D5 /* yoyoCampus */,
				402A1C741BA7C9DE0061B7D5 /* yoyoCampusTests */,
				402A1C7F1BA7C9DE0061B7D5 /* yoyoCampusUITests */,
			);
		};
/* End PBXProject section */

/* Begin PBXResourcesBuildPhase section */
		402A1C5F1BA7C9DE0061B7D5 /* Resources */ = {
			isa = PBXResourcesBuildPhase;
			buildActionMask = 2147483647;
			files = (
				402A1C6F1BA7C9DE0061B7D5 /* LaunchScreen.storyboard in Resources */,
				402A1C6C1BA7C9DE0061B7D5 /* Assets.xcassets in Resources */,
				402A1D3F1BA7CA5E0061B7D5 /* ProgressHUD.bundle in Resources */,
				40508BBE1BAD87E300263EBF /* 未标题3_19.png in Resources */,
				402A1D331BA7CA5E0061B7D5 /* MJRefresh.bundle in Resources */,
				402A1C6A1BA7C9DE0061B7D5 /* Main.storyboard in Resources */,
			);
			runOnlyForDeploymentPostprocessing = 0;
		};
		402A1C731BA7C9DE0061B7D5 /* Resources */ = {
			isa = PBXResourcesBuildPhase;
			buildActionMask = 2147483647;
			files = (
			);
			runOnlyForDeploymentPostprocessing = 0;
		};
		402A1C7E1BA7C9DE0061B7D5 /* Resources */ = {
			isa = PBXResourcesBuildPhase;
			buildActionMask = 2147483647;
			files = (
			);
			runOnlyForDeploymentPostprocessing = 0;
		};
/* End PBXResourcesBuildPhase section */

/* Begin PBXShellScriptBuildPhase section */
		073EDACC5B7D45F4625A0777 /* Copy Pods Resources */ = {
			isa = PBXShellScriptBuildPhase;
			buildActionMask = 2147483647;
			files = (
			);
			inputPaths = (
			);
			name = "Copy Pods Resources";
			outputPaths = (
			);
			runOnlyForDeploymentPostprocessing = 0;
			shellPath = /bin/sh;
			shellScript = "\"${SRCROOT}/Pods/Target Support Files/Pods/Pods-resources.sh\"\n";
			showEnvVarsInLog = 0;
		};
		5B23F43EAA79F801BB1A545E /* Embed Pods Frameworks */ = {
			isa = PBXShellScriptBuildPhase;
			buildActionMask = 2147483647;
			files = (
			);
			inputPaths = (
			);
			name = "Embed Pods Frameworks";
			outputPaths = (
			);
			runOnlyForDeploymentPostprocessing = 0;
			shellPath = /bin/sh;
			shellScript = "\"${SRCROOT}/Pods/Target Support Files/Pods/Pods-frameworks.sh\"\n";
			showEnvVarsInLog = 0;
		};
		8975BAEA24C5651190E75057 /* Check Pods Manifest.lock */ = {
			isa = PBXShellScriptBuildPhase;
			buildActionMask = 2147483647;
			files = (
			);
			inputPaths = (
			);
			name = "Check Pods Manifest.lock";
			outputPaths = (
			);
			runOnlyForDeploymentPostprocessing = 0;
			shellPath = /bin/sh;
			shellScript = "diff \"${PODS_ROOT}/../Podfile.lock\" \"${PODS_ROOT}/Manifest.lock\" > /dev/null\nif [[ $? != 0 ]] ; then\n    cat << EOM\nerror: The sandbox is not in sync with the Podfile.lock. Run 'pod install' or update your CocoaPods installation.\nEOM\n    exit 1\nfi\n";
			showEnvVarsInLog = 0;
		};
/* End PBXShellScriptBuildPhase section */

/* Begin PBXSourcesBuildPhase section */
		402A1C5D1BA7C9DE0061B7D5 /* Sources */ = {
			isa = PBXSourcesBuildPhase;
			buildActionMask = 2147483647;
			files = (
				40A031861BAAE09200D15D70 /* AFPickerView.m in Sources */,
				402A1D531BA7CA5E0061B7D5 /* AFNetworkActivityIndicatorManager.m in Sources */,
				402A1D471BA7CA5E0061B7D5 /* SDWebImageDecoder.m in Sources */,
				40F4D0571BA9E0B600714504 /* TestViewController.swift in Sources */,
				402A1D4A1BA7CA5E0061B7D5 /* SDWebImageManager.m in Sources */,
				402A1D5E1BA7CA5E0061B7D5 /* Tool.swift in Sources */,
				402A1D241BA7CA5D0061B7D5 /* AFURLRequestSerialization.m in Sources */,
				402A1D551BA7CA5E0061B7D5 /* UIAlertView+AFNetworking.m in Sources */,
				408918DC1BAD03FA00FDABE0 /* PersonalCenterViewController.swift in Sources */,
				402A1D5C1BA7CA5E0061B7D5 /* Consts.swift in Sources */,
				402A1D231BA7CA5D0061B7D5 /* AFURLConnectionOperation.m in Sources */,
				402A1D221BA7CA5D0061B7D5 /* AFSecurityPolicy.m in Sources */,
				402A1D391BA7CA5E0061B7D5 /* MJRefreshHeader.m in Sources */,
				402A1D411BA7CA5E0061B7D5 /* CheckNetwork.m in Sources */,
				402A1D431BA7CA5E0061B7D5 /* MKAnnotationView+WebCache.m in Sources */,
				402A1D1E1BA7CA5D0061B7D5 /* AFHTTPRequestOperation.m in Sources */,
				402A1D4F1BA7CA5E0061B7D5 /* UIImage+WebP.m in Sources */,
				402A1D261BA7CA5E0061B7D5 /* AFURLSessionManager.m in Sources */,
				402A1D451BA7CA5E0061B7D5 /* SDImageCache.m in Sources */,
				4081D70D1BA7DEC100F0E8B5 /* SettingViewController.swift in Sources */,
				4051B7391BA80370000D2FF3 /* UserFeedbackViewController.swift in Sources */,
				402A1D351BA7CA5E0061B7D5 /* MJRefreshConst.m in Sources */,
				402A1D341BA7CA5E0061B7D5 /* MJRefreshComponent.m in Sources */,
				402A1D4E1BA7CA5E0061B7D5 /* UIImage+MultiFormat.m in Sources */,
				402A1D501BA7CA5E0061B7D5 /* UIImageView+HighlightedWebCache.m in Sources */,
				40F0C59E1BAC3DD8003BA692 /* ShopUploadGoodsViewController.swift in Sources */,
				402A1D251BA7CA5D0061B7D5 /* AFURLResponseSerialization.m in Sources */,
				402A1D3D1BA7CA5E0061B7D5 /* UIScrollView+MJRefresh.m in Sources */,
				402A1D4D1BA7CA5E0061B7D5 /* UIImage+GIF.m in Sources */,
				402A1D541BA7CA5E0061B7D5 /* UIActivityIndicatorView+AFNetworking.m in Sources */,
				402A1D461BA7CA5E0061B7D5 /* SDWebImageCompat.m in Sources */,
				402A1D571BA7CA5E0061B7D5 /* UIImageView+AFNetworking.m in Sources */,
				402A1D561BA7CA5E0061B7D5 /* UIButton+AFNetworking.m in Sources */,
				402A1D5A1BA7CA5E0061B7D5 /* UIWebView+AFNetworking.m in Sources */,
				402A1D3B1BA7CA5E0061B7D5 /* MJRefreshLegendHeader.m in Sources */,
				402A1D491BA7CA5E0061B7D5 /* SDWebImageDownloaderOperation.m in Sources */,
				402A1D5D1BA7CA5E0061B7D5 /* HttpController.swift in Sources */,
				402A1D201BA7CA5D0061B7D5 /* AFHTTPSessionManager.m in Sources */,
				402A1D401BA7CA5E0061B7D5 /* ProgressHUD.m in Sources */,
				402A1D581BA7CA5E0061B7D5 /* UIProgressView+AFNetworking.m in Sources */,
				402A1D271BA7CA5E0061B7D5 /* CustomIOSAlertView.m in Sources */,
				402A1D5B1BA7CA5E0061B7D5 /* Config.swift in Sources */,
				402A1D1F1BA7CA5D0061B7D5 /* AFHTTPRequestOperationManager.m in Sources */,
				402A1D211BA7CA5D0061B7D5 /* AFNetworkReachabilityManager.m in Sources */,
				402A1D511BA7CA5E0061B7D5 /* UIImageView+WebCache.m in Sources */,
				402A1D3A1BA7CA5E0061B7D5 /* MJRefreshLegendFooter.m in Sources */,
				402A1D521BA7CA5E0061B7D5 /* UIView+WebCacheOperation.m in Sources */,
				402A1C651BA7C9DE0061B7D5 /* AppDelegate.swift in Sources */,
				4080F37F1BAD56ED0013B87A /* CustomNavigationController.swift in Sources */,
				40FD74BC1BAD503100008EE8 /* PersonalInfomationViewController.swift in Sources */,
				402A1D4B1BA7CA5E0061B7D5 /* SDWebImagePrefetcher.m in Sources */,
				403DFA3F1BA837430033CAB7 /* MyUploadGoodsViewController.swift in Sources */,
				4081D70F1BA7DF5100F0E8B5 /* Cells.swift in Sources */,
				402A1D591BA7CA5E0061B7D5 /* UIRefreshControl+AFNetworking.m in Sources */,
				402A1D381BA7CA5E0061B7D5 /* MJRefreshGifHeader.m in Sources */,
				402A1D441BA7CA5E0061B7D5 /* NSData+ImageContentType.m in Sources */,
				402A1D371BA7CA5E0061B7D5 /* MJRefreshGifFooter.m in Sources */,
				402A1D3C1BA7CA5E0061B7D5 /* UIScrollView+MJExtension.m in Sources */,
				402A1D3E1BA7CA5E0061B7D5 /* UIView+MJExtension.m in Sources */,
				402A1D421BA7CA5E0061B7D5 /* Reachability.m in Sources */,
				402A1D4C1BA7CA5E0061B7D5 /* UIButton+WebCache.m in Sources */,
				402A1D481BA7CA5E0061B7D5 /* SDWebImageDownloader.m in Sources */,
				402A1D361BA7CA5E0061B7D5 /* MJRefreshFooter.m in Sources */,
			);
			runOnlyForDeploymentPostprocessing = 0;
		};
		402A1C711BA7C9DE0061B7D5 /* Sources */ = {
			isa = PBXSourcesBuildPhase;
			buildActionMask = 2147483647;
			files = (
				402A1C7A1BA7C9DE0061B7D5 /* yoyoCampusTests.swift in Sources */,
			);
			runOnlyForDeploymentPostprocessing = 0;
		};
		402A1C7C1BA7C9DE0061B7D5 /* Sources */ = {
			isa = PBXSourcesBuildPhase;
			buildActionMask = 2147483647;
			files = (
				402A1C851BA7C9DE0061B7D5 /* yoyoCampusUITests.swift in Sources */,
			);
			runOnlyForDeploymentPostprocessing = 0;
		};
/* End PBXSourcesBuildPhase section */

/* Begin PBXTargetDependency section */
		402A1C771BA7C9DE0061B7D5 /* PBXTargetDependency */ = {
			isa = PBXTargetDependency;
			target = 402A1C601BA7C9DE0061B7D5 /* yoyoCampus */;
			targetProxy = 402A1C761BA7C9DE0061B7D5 /* PBXContainerItemProxy */;
		};
		402A1C821BA7C9DE0061B7D5 /* PBXTargetDependency */ = {
			isa = PBXTargetDependency;
			target = 402A1C601BA7C9DE0061B7D5 /* yoyoCampus */;
			targetProxy = 402A1C811BA7C9DE0061B7D5 /* PBXContainerItemProxy */;
		};
/* End PBXTargetDependency section */

/* Begin PBXVariantGroup section */
		402A1C681BA7C9DE0061B7D5 /* Main.storyboard */ = {
			isa = PBXVariantGroup;
			children = (
				402A1C691BA7C9DE0061B7D5 /* Base */,
			);
			name = Main.storyboard;
			sourceTree = "<group>";
		};
		402A1C6D1BA7C9DE0061B7D5 /* LaunchScreen.storyboard */ = {
			isa = PBXVariantGroup;
			children = (
				402A1C6E1BA7C9DE0061B7D5 /* Base */,
			);
			name = LaunchScreen.storyboard;
			sourceTree = "<group>";
		};
/* End PBXVariantGroup section */

/* Begin XCBuildConfiguration section */
		402A1C871BA7C9DE0061B7D5 /* Debug */ = {
			isa = XCBuildConfiguration;
			buildSettings = {
				ALWAYS_SEARCH_USER_PATHS = NO;
				CLANG_CXX_LANGUAGE_STANDARD = "gnu++0x";
				CLANG_CXX_LIBRARY = "libc++";
				CLANG_ENABLE_MODULES = YES;
				CLANG_ENABLE_OBJC_ARC = YES;
				CLANG_WARN_BOOL_CONVERSION = YES;
				CLANG_WARN_CONSTANT_CONVERSION = YES;
				CLANG_WARN_DIRECT_OBJC_ISA_USAGE = YES_ERROR;
				CLANG_WARN_EMPTY_BODY = YES;
				CLANG_WARN_ENUM_CONVERSION = YES;
				CLANG_WARN_INT_CONVERSION = YES;
				CLANG_WARN_OBJC_ROOT_CLASS = YES_ERROR;
				CLANG_WARN_UNREACHABLE_CODE = YES;
				CLANG_WARN__DUPLICATE_METHOD_MATCH = YES;
				"CODE_SIGN_IDENTITY[sdk=iphoneos*]" = "iPhone Developer";
				COPY_PHASE_STRIP = NO;
				DEBUG_INFORMATION_FORMAT = dwarf;
				ENABLE_STRICT_OBJC_MSGSEND = YES;
				ENABLE_TESTABILITY = YES;
				GCC_C_LANGUAGE_STANDARD = gnu99;
				GCC_DYNAMIC_NO_PIC = NO;
				GCC_NO_COMMON_BLOCKS = YES;
				GCC_OPTIMIZATION_LEVEL = 0;
				GCC_PREPROCESSOR_DEFINITIONS = (
					"DEBUG=1",
					"$(inherited)",
				);
				GCC_WARN_64_TO_32_BIT_CONVERSION = YES;
				GCC_WARN_ABOUT_RETURN_TYPE = YES_ERROR;
				GCC_WARN_UNDECLARED_SELECTOR = YES;
				GCC_WARN_UNINITIALIZED_AUTOS = YES_AGGRESSIVE;
				GCC_WARN_UNUSED_FUNCTION = YES;
				GCC_WARN_UNUSED_VARIABLE = YES;
				IPHONEOS_DEPLOYMENT_TARGET = 9.0;
				MTL_ENABLE_DEBUG_INFO = YES;
				ONLY_ACTIVE_ARCH = YES;
				SDKROOT = iphoneos;
				SWIFT_OPTIMIZATION_LEVEL = "-Onone";
				TARGETED_DEVICE_FAMILY = "1,2";
			};
			name = Debug;
		};
		402A1C881BA7C9DE0061B7D5 /* Release */ = {
			isa = XCBuildConfiguration;
			buildSettings = {
				ALWAYS_SEARCH_USER_PATHS = NO;
				CLANG_CXX_LANGUAGE_STANDARD = "gnu++0x";
				CLANG_CXX_LIBRARY = "libc++";
				CLANG_ENABLE_MODULES = YES;
				CLANG_ENABLE_OBJC_ARC = YES;
				CLANG_WARN_BOOL_CONVERSION = YES;
				CLANG_WARN_CONSTANT_CONVERSION = YES;
				CLANG_WARN_DIRECT_OBJC_ISA_USAGE = YES_ERROR;
				CLANG_WARN_EMPTY_BODY = YES;
				CLANG_WARN_ENUM_CONVERSION = YES;
				CLANG_WARN_INT_CONVERSION = YES;
				CLANG_WARN_OBJC_ROOT_CLASS = YES_ERROR;
				CLANG_WARN_UNREACHABLE_CODE = YES;
				CLANG_WARN__DUPLICATE_METHOD_MATCH = YES;
				"CODE_SIGN_IDENTITY[sdk=iphoneos*]" = "iPhone Developer";
				COPY_PHASE_STRIP = NO;
				DEBUG_INFORMATION_FORMAT = "dwarf-with-dsym";
				ENABLE_NS_ASSERTIONS = NO;
				ENABLE_STRICT_OBJC_MSGSEND = YES;
				GCC_C_LANGUAGE_STANDARD = gnu99;
				GCC_NO_COMMON_BLOCKS = YES;
				GCC_WARN_64_TO_32_BIT_CONVERSION = YES;
				GCC_WARN_ABOUT_RETURN_TYPE = YES_ERROR;
				GCC_WARN_UNDECLARED_SELECTOR = YES;
				GCC_WARN_UNINITIALIZED_AUTOS = YES_AGGRESSIVE;
				GCC_WARN_UNUSED_FUNCTION = YES;
				GCC_WARN_UNUSED_VARIABLE = YES;
				IPHONEOS_DEPLOYMENT_TARGET = 9.0;
				MTL_ENABLE_DEBUG_INFO = NO;
				SDKROOT = iphoneos;
				TARGETED_DEVICE_FAMILY = "1,2";
				VALIDATE_PRODUCT = YES;
			};
			name = Release;
		};
		402A1C8A1BA7C9DE0061B7D5 /* Debug */ = {
			isa = XCBuildConfiguration;
			baseConfigurationReference = 169520B5E5CA3491FF011E87 /* Pods.debug.xcconfig */;
			buildSettings = {
				ASSETCATALOG_COMPILER_APPICON_NAME = AppIcon;
				INFOPLIST_FILE = yoyoCampus/Info.plist;
				IPHONEOS_DEPLOYMENT_TARGET = 8.0;
				LD_RUNPATH_SEARCH_PATHS = "$(inherited) @executable_path/Frameworks";
				PRODUCT_BUNDLE_IDENTIFIER = dreamspace.yoyoCampus;
				PRODUCT_NAME = "$(TARGET_NAME)";
				SWIFT_OBJC_BRIDGING_HEADER = /Users/Thanatos/developer/yoyoCampus/yoyoCampus/Header.h;
			};
			name = Debug;
		};
		402A1C8B1BA7C9DE0061B7D5 /* Release */ = {
			isa = XCBuildConfiguration;
			baseConfigurationReference = 00A5F21AEB4714F15B555EED /* Pods.release.xcconfig */;
			buildSettings = {
				ASSETCATALOG_COMPILER_APPICON_NAME = AppIcon;
				INFOPLIST_FILE = yoyoCampus/Info.plist;
				IPHONEOS_DEPLOYMENT_TARGET = 8.0;
				LD_RUNPATH_SEARCH_PATHS = "$(inherited) @executable_path/Frameworks";
				PRODUCT_BUNDLE_IDENTIFIER = dreamspace.yoyoCampus;
				PRODUCT_NAME = "$(TARGET_NAME)";
				SWIFT_OBJC_BRIDGING_HEADER = /Users/Thanatos/developer/yoyoCampus/yoyoCampus/Header.h;
			};
			name = Release;
		};
		402A1C8D1BA7C9DE0061B7D5 /* Debug */ = {
			isa = XCBuildConfiguration;
			buildSettings = {
				BUNDLE_LOADER = "$(TEST_HOST)";
				INFOPLIST_FILE = yoyoCampusTests/Info.plist;
				LD_RUNPATH_SEARCH_PATHS = "$(inherited) @executable_path/Frameworks @loader_path/Frameworks";
				PRODUCT_BUNDLE_IDENTIFIER = dreamspace.yoyoCampusTests;
				PRODUCT_NAME = "$(TARGET_NAME)";
				TEST_HOST = "$(BUILT_PRODUCTS_DIR)/yoyoCampus.app/yoyoCampus";
			};
			name = Debug;
		};
		402A1C8E1BA7C9DE0061B7D5 /* Release */ = {
			isa = XCBuildConfiguration;
			buildSettings = {
				BUNDLE_LOADER = "$(TEST_HOST)";
				INFOPLIST_FILE = yoyoCampusTests/Info.plist;
				LD_RUNPATH_SEARCH_PATHS = "$(inherited) @executable_path/Frameworks @loader_path/Frameworks";
				PRODUCT_BUNDLE_IDENTIFIER = dreamspace.yoyoCampusTests;
				PRODUCT_NAME = "$(TARGET_NAME)";
				TEST_HOST = "$(BUILT_PRODUCTS_DIR)/yoyoCampus.app/yoyoCampus";
			};
			name = Release;
		};
		402A1C901BA7C9DE0061B7D5 /* Debug */ = {
			isa = XCBuildConfiguration;
			buildSettings = {
				INFOPLIST_FILE = yoyoCampusUITests/Info.plist;
				LD_RUNPATH_SEARCH_PATHS = "$(inherited) @executable_path/Frameworks @loader_path/Frameworks";
				PRODUCT_BUNDLE_IDENTIFIER = dreamspace.yoyoCampusUITests;
				PRODUCT_NAME = "$(TARGET_NAME)";
				TEST_TARGET_NAME = yoyoCampus;
				USES_XCTRUNNER = YES;
			};
			name = Debug;
		};
		402A1C911BA7C9DE0061B7D5 /* Release */ = {
			isa = XCBuildConfiguration;
			buildSettings = {
				INFOPLIST_FILE = yoyoCampusUITests/Info.plist;
				LD_RUNPATH_SEARCH_PATHS = "$(inherited) @executable_path/Frameworks @loader_path/Frameworks";
				PRODUCT_BUNDLE_IDENTIFIER = dreamspace.yoyoCampusUITests;
				PRODUCT_NAME = "$(TARGET_NAME)";
				TEST_TARGET_NAME = yoyoCampus;
				USES_XCTRUNNER = YES;
			};
			name = Release;
		};
/* End XCBuildConfiguration section */

/* Begin XCConfigurationList section */
		402A1C5C1BA7C9DE0061B7D5 /* Build configuration list for PBXProject "yoyoCampus" */ = {
			isa = XCConfigurationList;
			buildConfigurations = (
				402A1C871BA7C9DE0061B7D5 /* Debug */,
				402A1C881BA7C9DE0061B7D5 /* Release */,
			);
			defaultConfigurationIsVisible = 0;
			defaultConfigurationName = Release;
		};
		402A1C891BA7C9DE0061B7D5 /* Build configuration list for PBXNativeTarget "yoyoCampus" */ = {
			isa = XCConfigurationList;
			buildConfigurations = (
				402A1C8A1BA7C9DE0061B7D5 /* Debug */,
				402A1C8B1BA7C9DE0061B7D5 /* Release */,
			);
			defaultConfigurationIsVisible = 0;
			defaultConfigurationName = Release;
		};
		402A1C8C1BA7C9DE0061B7D5 /* Build configuration list for PBXNativeTarget "yoyoCampusTests" */ = {
			isa = XCConfigurationList;
			buildConfigurations = (
				402A1C8D1BA7C9DE0061B7D5 /* Debug */,
				402A1C8E1BA7C9DE0061B7D5 /* Release */,
			);
			defaultConfigurationIsVisible = 0;
			defaultConfigurationName = Release;
		};
		402A1C8F1BA7C9DE0061B7D5 /* Build configuration list for PBXNativeTarget "yoyoCampusUITests" */ = {
			isa = XCConfigurationList;
			buildConfigurations = (
				402A1C901BA7C9DE0061B7D5 /* Debug */,
				402A1C911BA7C9DE0061B7D5 /* Release */,
			);
			defaultConfigurationIsVisible = 0;
			defaultConfigurationName = Release;
		};
/* End XCConfigurationList section */
	};
	rootObject = 402A1C591BA7C9DE0061B7D5 /* Project object */;
}
